
Microsoft Visual Studio Solution File, Format Version 12.00
# Visual Studio Version 17
VisualStudioVersion = 17.1.32228.430
MinimumVisualStudioVersion = 10.0.40219.1
Project("{FAE04EC0-301F-11D3-BF4B-00C04F79EFBC}") = "dotNetSwag.Android", "dotNetSwag\dotNetSwag.Android\dotNetSwag.Android.csproj", "{E179A546-F434-4558-A7F5-67EAC13C070A}"
EndProject
Project("{FAE04EC0-301F-11D3-BF4B-00C04F79EFBC}") = "dotNetSwag.iOS", "dotNetSwag\dotNetSwag.iOS\dotNetSwag.iOS.csproj", "{2F1201C7-E852-4BC5-BA70-44E9FAE14D72}"
EndProject
Project("{9A19103F-16F7-4668-BE54-9A1E7A4F7556}") = "dotNetSwag", "dotNetSwag\dotNetSwag\dotNetSwag.csproj", "{013D20E9-5560-42A9-BF4D-3A47FCD52669}"
EndProject
Project("{2150E333-8FDC-42A3-9474-1A3956D46DE8}") = "Solution Items", "Solution Items", "{DA5C7F6B-88DF-4C3B-AFC7-3221D71F02A2}"
	ProjectSection(SolutionItems) = preProject
		Mainpage.xaml.cs = Mainpage.xaml.cs
	EndProjectSection
EndProject
Global
	GlobalSection(SolutionConfigurationPlatforms) = preSolution
		Debug|Any CPU = Debug|Any CPU
		Debug|iPhone = Debug|iPhone
		Debug|iPhoneSimulator = Debug|iPhoneSimulator
		Release|Any CPU = Release|Any CPU
		Release|iPhone = Release|iPhone
		Release|iPhoneSimulator = Release|iPhoneSimulator
	EndGlobalSection
	GlobalSection(ProjectConfigurationPlatforms) = postSolution
		{E179A546-F434-4558-A7F5-67EAC13C070A}.Debug|Any CPU.ActiveCfg = Debug|Any CPU
		{E179A546-F434-4558-A7F5-67EAC13C070A}.Debug|Any CPU.Build.0 = Debug|Any CPU
		{E179A546-F434-4558-A7F5-67EAC13C070A}.Debug|Any CPU.Deploy.0 = Debug|Any CPU
		{E179A546-F434-4558-A7F5-67EAC13C070A}.Debug|iPhone.ActiveCfg = Debug|Any CPU
		{E179A546-F434-4558-A7F5-67EAC13C070A}.Debug|iPhone.Build.0 = Debug|Any CPU
		{E179A546-F434-4558-A7F5-67EAC13C070A}.Debug|iPhone.Deploy.0 = Debug|Any CPU
		{E179A546-F434-4558-A7F5-67EAC13C070A}.Debug|iPhoneSimulator.ActiveCfg = Debug|Any CPU
		{E179A546-F434-4558-A7F5-67EAC13C070A}.Debug|iPhoneSimulator.Build.0 = Debug|Any CPU
		{E179A546-F434-4558-A7F5-67EAC13C070A}.Debug|iPhoneSimulator.Deploy.0 = Debug|Any CPU
		{E179A546-F434-4558-A7F5-67EAC13C070A}.Release|Any CPU.ActiveCfg = Release|Any CPU
		{E179A546-F434-4558-A7F5-67EAC13C070A}.Release|Any CPU.Build.0 = Release|Any CPU
		{E179A546-F434-4558-A7F5-67EAC13C070A}.Release|Any CPU.Deploy.0 = Release|Any CPU
		{E179A546-F434-4558-A7F5-67EAC13C070A}.Release|iPhone.ActiveCfg = Release|Any CPU
		{E179A546-F434-4558-A7F5-67EAC13C070A}.Release|iPhone.Build.0 = Release|Any CPU
		{E179A546-F434-4558-A7F5-67EAC13C070A}.Release|iPhone.Deploy.0 = Release|Any CPU
		{E179A546-F434-4558-A7F5-67EAC13C070A}.Release|iPhoneSimulator.ActiveCfg = Release|Any CPU
		{E179A546-F434-4558-A7F5-67EAC13C070A}.Release|iPhoneSimulator.Build.0 = Release|Any CPU
		{E179A546-F434-4558-A7F5-67EAC13C070A}.Release|iPhoneSimulator.Deploy.0 = Release|Any CPU
		{2F1201C7-E852-4BC5-BA70-44E9FAE14D72}.Debug|Any CPU.ActiveCfg = Debug|iPhone
		{2F1201C7-E852-4BC5-BA70-44E9FAE14D72}.Debug|Any CPU.Build.0 = Debug|iPhone
		{2F1201C7-E852-4BC5-BA70-44E9FAE14D72}.Debug|Any CPU.Deploy.0 = Debug|iPhone
		{2F1201C7-E852-4BC5-BA70-44E9FAE14D72}.Debug|iPhone.ActiveCfg = Debug|iPhone
		{2F1201C7-E852-4BC5-BA70-44E9FAE14D72}.Debug|iPhone.Build.0 = Debug|iPhone
		{2F1201C7-E852-4BC5-BA70-44E9FAE14D72}.Debug|iPhone.Deploy.0 = Debug|iPhone
		{2F1201C7-E852-4BC5-BA70-44E9FAE14D72}.Debug|iPhoneSimulator.ActiveCfg = Debug|iPhoneSimulator
		{2F1201C7-E852-4BC5-BA70-44E9FAE14D72}.Debug|iPhoneSimulator.Build.0 = Debug|iPhoneSimulator
		{2F1201C7-E852-4BC5-BA70-44E9FAE14D72}.Debug|iPhoneSimulator.Deploy.0 = Debug|iPhoneSimulator
		{2F1201C7-E852-4BC5-BA70-44E9FAE14D72}.Release|Any CPU.ActiveCfg = Release|iPhoneSimulator
		{2F1201C7-E852-4BC5-BA70-44E9FAE14D72}.Release|Any CPU.Build.0 = Release|iPhoneSimulator
		{2F1201C7-E852-4BC5-BA70-44E9FAE14D72}.Release|Any CPU.Deploy.0 = Release|iPhoneSimulator
		{2F1201C7-E852-4BC5-BA70-44E9FAE14D72}.Release|iPhone.ActiveCfg = Release|iPhone
		{2F1201C7-E852-4BC5-BA70-44E9FAE14D72}.Release|iPhone.Build.0 = Release|iPhone
		{2F1201C7-E852-4BC5-BA70-44E9FAE14D72}.Release|iPhone.Deploy.0 = Release|iPhone
		{2F1201C7-E852-4BC5-BA70-44E9FAE14D72}.Release|iPhoneSimulator.ActiveCfg = Release|iPhoneSimulator
		{2F1201C7-E852-4BC5-BA70-44E9FAE14D72}.Release|iPhoneSimulator.Build.0 = Release|iPhoneSimulator
		{2F1201C7-E852-4BC5-BA70-44E9FAE14D72}.Release|iPhoneSimulator.Deploy.0 = Release|iPhoneSimulator
		{013D20E9-5560-42A9-BF4D-3A47FCD52669}.Debug|Any CPU.ActiveCfg = Debug|Any CPU
		{013D20E9-5560-42A9-BF4D-3A47FCD52669}.Debug|Any CPU.Build.0 = Debug|Any CPU
		{013D20E9-5560-42A9-BF4D-3A47FCD52669}.Debug|Any CPU.Deploy.0 = Debug|Any CPU
		{013D20E9-5560-42A9-BF4D-3A47FCD52669}.Debug|iPhone.ActiveCfg = Debug|Any CPU
		{013D20E9-5560-42A9-BF4D-3A47FCD52669}.Debug|iPhone.Build.0 = Debug|Any CPU
		{013D20E9-5560-42A9-BF4D-3A47FCD52669}.Debug|iPhone.Deploy.0 = Debug|Any CPU
		{013D20E9-5560-42A9-BF4D-3A47FCD52669}.Debug|iPhoneSimulator.ActiveCfg = Debug|Any CPU
		{013D20E9-5560-42A9-BF4D-3A47FCD52669}.Debug|iPhoneSimulator.Build.0 = Debug|Any CPU
		{013D20E9-5560-42A9-BF4D-3A47FCD52669}.Debug|iPhoneSimulator.Deploy.0 = Debug|Any CPU
		{013D20E9-5560-42A9-BF4D-3A47FCD52669}.Release|Any CPU.ActiveCfg = Release|Any CPU
		{013D20E9-5560-42A9-BF4D-3A47FCD52669}.Release|Any CPU.Build.0 = Release|Any CPU
		{013D20E9-5560-42A9-BF4D-3A47FCD52669}.Release|Any CPU.Deploy.0 = Release|Any CPU
		{013D20E9-5560-42A9-BF4D-3A47FCD52669}.Release|iPhone.ActiveCfg = Release|Any CPU
		{013D20E9-5560-42A9-BF4D-3A47FCD52669}.Release|iPhone.Build.0 = Release|Any CPU
		{013D20E9-5560-42A9-BF4D-3A47FCD52669}.Release|iPhone.Deploy.0 = Release|Any CPU
		{013D20E9-5560-42A9-BF4D-3A47FCD52669}.Release|iPhoneSimulator.ActiveCfg = Release|Any CPU
		{013D20E9-5560-42A9-BF4D-3A47FCD52669}.Release|iPhoneSimulator.Build.0 = Release|Any CPU
		{013D20E9-5560-42A9-BF4D-3A47FCD52669}.Release|iPhoneSimulator.Deploy.0 = Release|Any CPU
	EndGlobalSection
	GlobalSection(SolutionProperties) = preSolution
		HideSolutionNode = FALSE
	EndGlobalSection
	GlobalSection(ExtensibilityGlobals) = postSolution
		SolutionGuid = {BAAC8A21-14BE-495A-A591-BDFDAF63191C}
	EndGlobalSection
EndGlobal
